
Microsoft Visual Studio Solution File, Format Version 12.00
# Visual Studio 15
VisualStudioVersion = 15.0.27428.2027
MinimumVisualStudioVersion = 10.0.40219.1
Project("{FAE04EC0-301F-11D3-BF4B-00C04F79EFBC}") = "PowerBi.WebApplication", "PowerBi.WebApplication\PowerBi.WebApplication.csproj", "{0C18A33F-EF02-4623-AD34-C833C090B458}"
EndProject
Project("{FAE04EC0-301F-11D3-BF4B-00C04F79EFBC}") = "PowerBi.WebApplication.Tests", "PowerBi.WebApplication.Tests\PowerBi.WebApplication.Tests.csproj", "{77F4433C-1426-45A2-B933-BB4BF3F1F9AB}"
EndProject
Project("{FAE04EC0-301F-11D3-BF4B-00C04F79EFBC}") = "PowerBi.Data", "PowerBi.Data\PowerBi.Data.csproj", "{D2CA291E-2C43-4720-8D57-BD4963DF9122}"
EndProject
Project("{FAE04EC0-301F-11D3-BF4B-00C04F79EFBC}") = "PowerBi.Domain", "PowerBi.Domain\PowerBi.Domain.csproj", "{C9903090-DBAD-498B-BD0F-2E7003700DB1}"
EndProject
Global
	GlobalSection(SolutionConfigurationPlatforms) = preSolution
		Debug|Any CPU = Debug|Any CPU
		Release|Any CPU = Release|Any CPU
	EndGlobalSection
	GlobalSection(ProjectConfigurationPlatforms) = postSolution
		{0C18A33F-EF02-4623-AD34-C833C090B458}.Debug|Any CPU.ActiveCfg = Debug|Any CPU
		{0C18A33F-EF02-4623-AD34-C833C090B458}.Debug|Any CPU.Build.0 = Debug|Any CPU
		{0C18A33F-EF02-4623-AD34-C833C090B458}.Release|Any CPU.ActiveCfg = Release|Any CPU
		{0C18A33F-EF02-4623-AD34-C833C090B458}.Release|Any CPU.Build.0 = Release|Any CPU
		{77F4433C-1426-45A2-B933-BB4BF3F1F9AB}.Debug|Any CPU.ActiveCfg = Debug|Any CPU
		{77F4433C-1426-45A2-B933-BB4BF3F1F9AB}.Debug|Any CPU.Build.0 = Debug|Any CPU
		{77F4433C-1426-45A2-B933-BB4BF3F1F9AB}.Release|Any CPU.ActiveCfg = Release|Any CPU
		{77F4433C-1426-45A2-B933-BB4BF3F1F9AB}.Release|Any CPU.Build.0 = Release|Any CPU
		{D2CA291E-2C43-4720-8D57-BD4963DF9122}.Debug|Any CPU.ActiveCfg = Debug|Any CPU
		{D2CA291E-2C43-4720-8D57-BD4963DF9122}.Debug|Any CPU.Build.0 = Debug|Any CPU
		{D2CA291E-2C43-4720-8D57-BD4963DF9122}.Release|Any CPU.ActiveCfg = Release|Any CPU
		{D2CA291E-2C43-4720-8D57-BD4963DF9122}.Release|Any CPU.Build.0 = Release|Any CPU
		{C9903090-DBAD-498B-BD0F-2E7003700DB1}.Debug|Any CPU.ActiveCfg = Debug|Any CPU
		{C9903090-DBAD-498B-BD0F-2E7003700DB1}.Debug|Any CPU.Build.0 = Debug|Any CPU
		{C9903090-DBAD-498B-BD0F-2E7003700DB1}.Release|Any CPU.ActiveCfg = Release|Any CPU
		{C9903090-DBAD-498B-BD0F-2E7003700DB1}.Release|Any CPU.Build.0 = Release|Any CPU
	EndGlobalSection
	GlobalSection(SolutionProperties) = preSolution
		HideSolutionNode = FALSE
	EndGlobalSection
	GlobalSection(ExtensibilityGlobals) = postSolution
		SolutionGuid = {830419A8-B8BF-45EF-9EFC-C515A3ED757E}
	EndGlobalSection
EndGlobal
